// !$*UTF8*$!
{
	archiveVersion = 1;
	classes = {
	};
	objectVersion = 50;
	objects = {

/* Begin PBXBuildFile section */
		FB824C2624BA515D002E71D5 /* AppDelegate.swift in Sources */ = {isa = PBXBuildFile; fileRef = FB824C2524BA515D002E71D5 /* AppDelegate.swift */; };
		FB824C2824BA515D002E71D5 /* SceneDelegate.swift in Sources */ = {isa = PBXBuildFile; fileRef = FB824C2724BA515D002E71D5 /* SceneDelegate.swift */; };
		FB824C2A24BA515D002E71D5 /* ViewController.swift in Sources */ = {isa = PBXBuildFile; fileRef = FB824C2924BA515D002E71D5 /* ViewController.swift */; };
		FB824C2D24BA515D002E71D5 /* Main.storyboard in Resources */ = {isa = PBXBuildFile; fileRef = FB824C2B24BA515D002E71D5 /* Main.storyboard */; };
		FB824C3024BA515D002E71D5 /* EjemploMVVM.xcdatamodeld in Sources */ = {isa = PBXBuildFile; fileRef = FB824C2E24BA515D002E71D5 /* EjemploMVVM.xcdatamodeld */; };
		FB824C3224BA515E002E71D5 /* Assets.xcassets in Resources */ = {isa = PBXBuildFile; fileRef = FB824C3124BA515E002E71D5 /* Assets.xcassets */; };
		FB824C3524BA515E002E71D5 /* LaunchScreen.storyboard in Resources */ = {isa = PBXBuildFile; fileRef = FB824C3324BA515E002E71D5 /* LaunchScreen.storyboard */; };
		FB824C3D24BA52FD002E71D5 /* AlumnoBE.swift in Sources */ = {isa = PBXBuildFile; fileRef = FB824C3C24BA52FD002E71D5 /* AlumnoBE.swift */; };
		FB824C3F24BA530B002E71D5 /* AlumnoViewModel.swift in Sources */ = {isa = PBXBuildFile; fileRef = FB824C3E24BA530B002E71D5 /* AlumnoViewModel.swift */; };
		FB824C4124BA5707002E71D5 /* CSAttributedString.swift in Sources */ = {isa = PBXBuildFile; fileRef = FB824C4024BA5707002E71D5 /* CSAttributedString.swift */; };
		FB824C4324BA5B97002E71D5 /* AlumnoTableViewCell.swift in Sources */ = {isa = PBXBuildFile; fileRef = FB824C4224BA5B97002E71D5 /* AlumnoTableViewCell.swift */; };
/* End PBXBuildFile section */

/* Begin PBXFileReference section */
		FB824C2224BA515D002E71D5 /* EjemploMVVM.app */ = {isa = PBXFileReference; explicitFileType = wrapper.application; includeInIndex = 0; path = EjemploMVVM.app; sourceTree = BUILT_PRODUCTS_DIR; };
		FB824C2524BA515D002E71D5 /* AppDelegate.swift */ = {isa = PBXFileReference; lastKnownFileType = sourcecode.swift; path = AppDelegate.swift; sourceTree = "<group>"; };
		FB824C2724BA515D002E71D5 /* SceneDelegate.swift */ = {isa = PBXFileReference; lastKnownFileType = sourcecode.swift; path = SceneDelegate.swift; sourceTree = "<group>"; };
		FB824C2924BA515D002E71D5 /* ViewController.swift */ = {isa = PBXFileReference; lastKnownFileType = sourcecode.swift; path = ViewController.swift; sourceTree = "<group>"; };
		FB824C2C24BA515D002E71D5 /* Base */ = {isa = PBXFileReference; lastKnownFileType = file.storyboard; name = Base; path = Base.lproj/Main.storyboard; sourceTree = "<group>"; };
		FB824C2F24BA515D002E71D5 /* EjemploMVVM.xcdatamodel */ = {isa = PBXFileReference; lastKnownFileType = wrapper.xcdatamodel; path = EjemploMVVM.xcdatamodel; sourceTree = "<group>"; };
		FB824C3124BA515E002E71D5 /* Assets.xcassets */ = {isa = PBXFileReference; lastKnownFileType = folder.assetcatalog; path = Assets.xcassets; sourceTree = "<group>"; };
		FB824C3424BA515E002E71D5 /* Base */ = {isa = PBXFileReference; lastKnownFileType = file.storyboard; name = Base; path = Base.lproj/LaunchScreen.storyboard; sourceTree = "<group>"; };
		FB824C3624BA515E002E71D5 /* Info.plist */ = {isa = PBXFileReference; lastKnownFileType = text.plist.xml; path = Info.plist; sourceTree = "<group>"; };
		FB824C3C24BA52FD002E71D5 /* AlumnoBE.swift */ = {isa = PBXFileReference; lastKnownFileType = sourcecode.swift; path = AlumnoBE.swift; sourceTree = "<group>"; };
		FB824C3E24BA530B002E71D5 /* AlumnoViewModel.swift */ = {isa = PBXFileReference; lastKnownFileType = sourcecode.swift; path = AlumnoViewModel.swift; sourceTree = "<group>"; };
		FB824C4024BA5707002E71D5 /* CSAttributedString.swift */ = {isa = PBXFileReference; fileEncoding = 4; lastKnownFileType = sourcecode.swift; path = CSAttributedString.swift; sourceTree = "<group>"; };
		FB824C4224BA5B97002E71D5 /* AlumnoTableViewCell.swift */ = {isa = PBXFileReference; lastKnownFileType = sourcecode.swift; path = AlumnoTableViewCell.swift; sourceTree = "<group>"; };
/* End PBXFileReference section */

/* Begin PBXFrameworksBuildPhase section */
		FB824C1F24BA515D002E71D5 /* Frameworks */ = {
			isa = PBXFrameworksBuildPhase;
			buildActionMask = 2147483647;
			files = (
			);
			runOnlyForDeploymentPostprocessing = 0;
		};
/* End PBXFrameworksBuildPhase section */

/* Begin PBXGroup section */
		FB824C1924BA515D002E71D5 = {
			isa = PBXGroup;
			children = (
				FB824C2424BA515D002E71D5 /* EjemploMVVM */,
				FB824C2324BA515D002E71D5 /* Products */,
			);
			sourceTree = "<group>";
		};
		FB824C2324BA515D002E71D5 /* Products */ = {
			isa = PBXGroup;
			children = (
				FB824C2224BA515D002E71D5 /* EjemploMVVM.app */,
			);
			name = Products;
			sourceTree = "<group>";
		};
		FB824C2424BA515D002E71D5 /* EjemploMVVM */ = {
			isa = PBXGroup;
			children = (
				FB824C4024BA5707002E71D5 /* CSAttributedString.swift */,
				FB824C2524BA515D002E71D5 /* AppDelegate.swift */,
				FB824C2724BA515D002E71D5 /* SceneDelegate.swift */,
				FB824C2924BA515D002E71D5 /* ViewController.swift */,
				FB824C2B24BA515D002E71D5 /* Main.storyboard */,
				FB824C3124BA515E002E71D5 /* Assets.xcassets */,
				FB824C3324BA515E002E71D5 /* LaunchScreen.storyboard */,
				FB824C3624BA515E002E71D5 /* Info.plist */,
				FB824C2E24BA515D002E71D5 /* EjemploMVVM.xcdatamodeld */,
				FB824C3C24BA52FD002E71D5 /* AlumnoBE.swift */,
				FB824C3E24BA530B002E71D5 /* AlumnoViewModel.swift */,
				FB824C4224BA5B97002E71D5 /* AlumnoTableViewCell.swift */,
			);
			path = EjemploMVVM;
			sourceTree = "<group>";
		};
/* End PBXGroup section */

/* Begin PBXNativeTarget section */
		FB824C2124BA515D002E71D5 /* EjemploMVVM */ = {
			isa = PBXNativeTarget;
			buildConfigurationList = FB824C3924BA515E002E71D5 /* Build configuration list for PBXNativeTarget "EjemploMVVM" */;
			buildPhases = (
				FB824C1E24BA515D002E71D5 /* Sources */,
				FB824C1F24BA515D002E71D5 /* Frameworks */,
				FB824C2024BA515D002E71D5 /* Resources */,
			);
			buildRules = (
			);
			dependencies = (
			);
			name = EjemploMVVM;
			productName = EjemploMVVM;
			productReference = FB824C2224BA515D002E71D5 /* EjemploMVVM.app */;
			productType = "com.apple.product-type.application";
		};
/* End PBXNativeTarget section */

/* Begin PBXProject section */
		FB824C1A24BA515D002E71D5 /* Project object */ = {
			isa = PBXProject;
			attributes = {
				LastSwiftUpdateCheck = 1150;
				LastUpgradeCheck = 1150;
				ORGANIZATIONNAME = "Kenyi Rodriguez";
				TargetAttributes = {
					FB824C2124BA515D002E71D5 = {
						CreatedOnToolsVersion = 11.5;
					};
				};
			};
			buildConfigurationList = FB824C1D24BA515D002E71D5 /* Build configuration list for PBXProject "EjemploMVVM" */;
			compatibilityVersion = "Xcode 9.3";
			developmentRegion = en;
			hasScannedForEncodings = 0;
			knownRegions = (
				en,
				Base,
			);
			mainGroup = FB824C1924BA515D002E71D5;
			productRefGroup = FB824C2324BA515D002E71D5 /* Products */;
			projectDirPath = "";
			projectRoot = "";
			targets = (
				FB824C2124BA515D002E71D5 /* EjemploMVVM */,
			);
		};
/* End PBXProject section */

/* Begin PBXResourcesBuildPhase section */
		FB824C2024BA515D002E71D5 /* Resources */ = {
			isa = PBXResourcesBuildPhase;
			buildActionMask = 2147483647;
			files = (
				FB824C3524BA515E002E71D5 /* LaunchScreen.storyboard in Resources */,
				FB824C3224BA515E002E71D5 /* Assets.xcassets in Resources */,
				FB824C2D24BA515D002E71D5 /* Main.storyboard in Resources */,
			);
			runOnlyForDeploymentPostprocessing = 0;
		};
/* End PBXResourcesBuildPhase section */

/* Begin PBXSourcesBuildPhase section */
		FB824C1E24BA515D002E71D5 /* Sources */ = {
			isa = PBXSourcesBuildPhase;
			buildActionMask = 2147483647;
			files = (
				FB824C2A24BA515D002E71D5 /* ViewController.swift in Sources */,
				FB824C3D24BA52FD002E71D5 /* AlumnoBE.swift in Sources */,
				FB824C3F24BA530B002E71D5 /* AlumnoViewModel.swift in Sources */,
				FB824C4324BA5B97002E71D5 /* AlumnoTableViewCell.swift in Sources */,
				FB824C2624BA515D002E71D5 /* AppDelegate.swift in Sources */,
				FB824C4124BA5707002E71D5 /* CSAttributedString.swift in Sources */,
				FB824C3024BA515D002E71D5 /* EjemploMVVM.xcdatamodeld in Sources */,
				FB824C2824BA515D002E71D5 /* SceneDelegate.swift in Sources */,
			);
			runOnlyForDeploymentPostprocessing = 0;
		};
/* End PBXSourcesBuildPhase section */

/* Begin PBXVariantGroup section */
		FB824C2B24BA515D002E71D5 /* Main.storyboard */ = {
			isa = PBXVariantGroup;
			children = (
				FB824C2C24BA515D002E71D5 /* Base */,
			);
			name = Main.storyboard;
			sourceTree = "<group>";
		};
		FB824C3324BA515E002E71D5 /* LaunchScreen.storyboard */ = {
			isa = PBXVariantGroup;
			children = (
				FB824C3424BA515E002E71D5 /* Base */,
			);
			name = LaunchScreen.storyboard;
			sourceTree = "<group>";
		};
/* End PBXVariantGroup section */

/* Begin XCBuildConfiguration section */
		FB824C3724BA515E002E71D5 /* Debug */ = {
			isa = XCBuildConfiguration;
			buildSettings = {
				ALWAYS_SEARCH_USER_PATHS = NO;
				CLANG_ANALYZER_NONNULL = YES;
				CLANG_ANALYZER_NUMBER_OBJECT_CONVERSION = YES_AGGRESSIVE;
				CLANG_CXX_LANGUAGE_STANDARD = "gnu++14";
				CLANG_CXX_LIBRARY = "libc++";
				CLANG_ENABLE_MODULES = YES;
				CLANG_ENABLE_OBJC_ARC = YES;
				CLANG_ENABLE_OBJC_WEAK = YES;
				CLANG_WARN_BLOCK_CAPTURE_AUTORELEASING = YES;
				CLANG_WARN_BOOL_CONVERSION = YES;
				CLANG_WARN_COMMA = YES;
				CLANG_WARN_CONSTANT_CONVERSION = YES;
				CLANG_WARN_DEPRECATED_OBJC_IMPLEMENTATIONS = YES;
				CLANG_WARN_DIRECT_OBJC_ISA_USAGE = YES_ERROR;
				CLANG_WARN_DOCUMENTATION_COMMENTS = YES;
				CLANG_WARN_EMPTY_BODY = YES;
				CLANG_WARN_ENUM_CONVERSION = YES;
				CLANG_WARN_INFINITE_RECURSION = YES;
				CLANG_WARN_INT_CONVERSION = YES;
				CLANG_WARN_NON_LITERAL_NULL_CONVERSION = YES;
				CLANG_WARN_OBJC_IMPLICIT_RETAIN_SELF = YES;
				CLANG_WARN_OBJC_LITERAL_CONVERSION = YES;
				CLANG_WARN_OBJC_ROOT_CLASS = YES_ERROR;
				CLANG_WARN_RANGE_LOOP_ANALYSIS = YES;
				CLANG_WARN_STRICT_PROTOTYPES = YES;
				CLANG_WARN_SUSPICIOUS_MOVE = YES;
				CLANG_WARN_UNGUARDED_AVAILABILITY = YES_AGGRESSIVE;
				CLANG_WARN_UNREACHABLE_CODE = YES;
				CLANG_WARN__DUPLICATE_METHOD_MATCH = YES;
				COPY_PHASE_STRIP = NO;
				DEBUG_INFORMATION_FORMAT = dwarf;
				ENABLE_STRICT_OBJC_MSGSEND = YES;
				ENABLE_TESTABILITY = YES;
				GCC_C_LANGUAGE_STANDARD = gnu11;
				GCC_DYNAMIC_NO_PIC = NO;
				GCC_NO_COMMON_BLOCKS = YES;
				GCC_OPTIMIZATION_LEVEL = 0;
				GCC_PREPROCESSOR_DEFINITIONS = (
					"DEBUG=1",
					"$(inherited)",
				);
				GCC_WARN_64_TO_32_BIT_CONVERSION = YES;
				GCC_WARN_ABOUT_RETURN_TYPE = YES_ERROR;
				GCC_WARN_UNDECLARED_SELECTOR = YES;
				GCC_WARN_UNINITIALIZED_AUTOS = YES_AGGRESSIVE;
				GCC_WARN_UNUSED_FUNCTION = YES;
				GCC_WARN_UNUSED_VARIABLE = YES;
				IPHONEOS_DEPLOYMENT_TARGET = 13.5;
				MTL_ENABLE_DEBUG_INFO = INCLUDE_SOURCE;
				MTL_FAST_MATH = YES;
				ONLY_ACTIVE_ARCH = YES;
				SDKROOT = iphoneos;
				SWIFT_ACTIVE_COMPILATION_CONDITIONS = DEBUG;
				SWIFT_OPTIMIZATION_LEVEL = "-Onone";
			};
			name = Debug;
		};
		FB824C3824BA515E002E71D5 /* Release */ = {
			isa = XCBuildConfiguration;
			buildSettings = {
				ALWAYS_SEARCH_USER_PATHS = NO;
				CLANG_ANALYZER_NONNULL = YES;
				CLANG_ANALYZER_NUMBER_OBJECT_CONVERSION = YES_AGGRESSIVE;
				CLANG_CXX_LANGUAGE_STANDARD = "gnu++14";
				CLANG_CXX_LIBRARY = "libc++";
				CLANG_ENABLE_MODULES = YES;
				CLANG_ENABLE_OBJC_ARC = YES;
				CLANG_ENABLE_OBJC_WEAK = YES;
				CLANG_WARN_BLOCK_CAPTURE_AUTORELEASING = YES;
				CLANG_WARN_BOOL_CONVERSION = YES;
				CLANG_WARN_COMMA = YES;
				CLANG_WARN_CONSTANT_CONVERSION = YES;
				CLANG_WARN_DEPRECATED_OBJC_IMPLEMENTATIONS = YES;
				CLANG_WARN_DIRECT_OBJC_ISA_USAGE = YES_ERROR;
				CLANG_WARN_DOCUMENTATION_COMMENTS = YES;
				CLANG_WARN_EMPTY_BODY = YES;
				CLANG_WARN_ENUM_CONVERSION = YES;
				CLANG_WARN_INFINITE_RECURSION = YES;
				CLANG_WARN_INT_CONVERSION = YES;
				CLANG_WARN_NON_LITERAL_NULL_CONVERSION = YES;
				CLANG_WARN_OBJC_IMPLICIT_RETAIN_SELF = YES;
				CLANG_WARN_OBJC_LITERAL_CONVERSION = YES;
				CLANG_WARN_OBJC_ROOT_CLASS = YES_ERROR;
				CLANG_WARN_RANGE_LOOP_ANALYSIS = YES;
				CLANG_WARN_STRICT_PROTOTYPES = YES;
				CLANG_WARN_SUSPICIOUS_MOVE = YES;
				CLANG_WARN_UNGUARDED_AVAILABILITY = YES_AGGRESSIVE;
				CLANG_WARN_UNREACHABLE_CODE = YES;
				CLANG_WARN__DUPLICATE_METHOD_MATCH = YES;
				COPY_PHASE_STRIP = NO;
				DEBUG_INFORMATION_FORMAT = "dwarf-with-dsym";
				ENABLE_NS_ASSERTIONS = NO;
				ENABLE_STRICT_OBJC_MSGSEND = YES;
				GCC_C_LANGUAGE_STANDARD = gnu11;
				GCC_NO_COMMON_BLOCKS = YES;
				GCC_WARN_64_TO_32_BIT_CONVERSION = YES;
				GCC_WARN_ABOUT_RETURN_TYPE = YES_ERROR;
				GCC_WARN_UNDECLARED_SELECTOR = YES;
				GCC_WARN_UNINITIALIZED_AUTOS = YES_AGGRESSIVE;
				GCC_WARN_UNUSED_FUNCTION = YES;
				GCC_WARN_UNUSED_VARIABLE = YES;
				IPHONEOS_DEPLOYMENT_TARGET = 13.5;
				MTL_ENABLE_DEBUG_INFO = NO;
				MTL_FAST_MATH = YES;
				SDKROOT = iphoneos;
				SWIFT_COMPILATION_MODE = wholemodule;
				SWIFT_OPTIMIZATION_LEVEL = "-O";
				VALIDATE_PRODUCT = YES;
			};
			name = Release;
		};
		FB824C3A24BA515E002E71D5 /* Debug */ = {
			isa = XCBuildConfiguration;
			buildSettings = {
				ASSETCATALOG_COMPILER_APPICON_NAME = AppIcon;
				CODE_SIGN_STYLE = Automatic;
				INFOPLIST_FILE = EjemploMVVM/Info.plist;
				LD_RUNPATH_SEARCH_PATHS = (
					"$(inherited)",
					"@executable_path/Frameworks",
				);
				PRODUCT_BUNDLE_IDENTIFIER = com.solera.EjemploMVVM;
				PRODUCT_NAME = "$(TARGET_NAME)";
				SWIFT_VERSION = 5.0;
				TARGETED_DEVICE_FAMILY = "1,2";
			};
			name = Debug;
		};
		FB824C3B24BA515E002E71D5 /* Release */ = {
			isa = XCBuildConfiguration;
			buildSettings = {
				ASSETCATALOG_COMPILER_APPICON_NAME = AppIcon;
				CODE_SIGN_STYLE = Automatic;
				INFOPLIST_FILE = EjemploMVVM/Info.plist;
				LD_RUNPATH_SEARCH_PATHS = (
					"$(inherited)",
					"@executable_path/Frameworks",
				);
				PRODUCT_BUNDLE_IDENTIFIER = com.solera.EjemploMVVM;
				PRODUCT_NAME = "$(TARGET_NAME)";
				SWIFT_VERSION = 5.0;
				TARGETED_DEVICE_FAMILY = "1,2";
			};
			name = Release;
		};
/* End XCBuildConfiguration section */

/* Begin XCConfigurationList section */
		FB824C1D24BA515D002E71D5 /* Build configuration list for PBXProject "EjemploMVVM" */ = {
			isa = XCConfigurationList;
			buildConfigurations = (
				FB824C3724BA515E002E71D5 /* Debug */,
				FB824C3824BA515E002E71D5 /* Release */,
			);
			defaultConfigurationIsVisible = 0;
			defaultConfigurationName = Release;
		};
		FB824C3924BA515E002E71D5 /* Build configuration list for PBXNativeTarget "EjemploMVVM" */ = {
			isa = XCConfigurationList;
			buildConfigurations = (
				FB824C3A24BA515E002E71D5 /* Debug */,
				FB824C3B24BA515E002E71D5 /* Release */,
			);
			defaultConfigurationIsVisible = 0;
			defaultConfigurationName = Release;
		};
/* End XCConfigurationList section */

/* Begin XCVersionGroup section */
		FB824C2E24BA515D002E71D5 /* EjemploMVVM.xcdatamodeld */ = {
			isa = XCVersionGroup;
			children = (
				FB824C2F24BA515D002E71D5 /* EjemploMVVM.xcdatamodel */,
			);
			currentVersion = FB824C2F24BA515D002E71D5 /* EjemploMVVM.xcdatamodel */;
			path = EjemploMVVM.xcdatamodeld;
			sourceTree = "<group>";
			versionGroupType = wrapper.xcdatamodel;
		};
/* End XCVersionGroup section */
	};
	rootObject = FB824C1A24BA515D002E71D5 /* Project object */;
}
