// !$*UTF8*$!
{
	archiveVersion = 1;
	classes = {
	};
	objectVersion = 50;
	objects = {

/* Begin PBXBuildFile section */
		FB1380DE2467571500CD4608 /* AppDelegate.swift in Sources */ = {isa = PBXBuildFile; fileRef = FB1380DD2467571500CD4608 /* AppDelegate.swift */; };
		FB1380E02467571500CD4608 /* SceneDelegate.swift in Sources */ = {isa = PBXBuildFile; fileRef = FB1380DF2467571500CD4608 /* SceneDelegate.swift */; };
		FB1380E22467571500CD4608 /* ViewController.swift in Sources */ = {isa = PBXBuildFile; fileRef = FB1380E12467571500CD4608 /* ViewController.swift */; };
		FB1380E52467571500CD4608 /* Main.storyboard in Resources */ = {isa = PBXBuildFile; fileRef = FB1380E32467571500CD4608 /* Main.storyboard */; };
		FB1380E82467571500CD4608 /* Sesion04_02.xcdatamodeld in Sources */ = {isa = PBXBuildFile; fileRef = FB1380E62467571500CD4608 /* Sesion04_02.xcdatamodeld */; };
		FB1380EA2467571500CD4608 /* Assets.xcassets in Resources */ = {isa = PBXBuildFile; fileRef = FB1380E92467571500CD4608 /* Assets.xcassets */; };
		FB1380ED2467571500CD4608 /* LaunchScreen.storyboard in Resources */ = {isa = PBXBuildFile; fileRef = FB1380EB2467571500CD4608 /* LaunchScreen.storyboard */; };
		FB1380F52467572900CD4608 /* Operaciones.swift in Sources */ = {isa = PBXBuildFile; fileRef = FB1380F42467572900CD4608 /* Operaciones.swift */; };
		FB1380F7246759D900CD4608 /* Animales.swift in Sources */ = {isa = PBXBuildFile; fileRef = FB1380F6246759D900CD4608 /* Animales.swift */; };
/* End PBXBuildFile section */

/* Begin PBXFileReference section */
		FB1380DA2467571500CD4608 /* Sesion04-02.app */ = {isa = PBXFileReference; explicitFileType = wrapper.application; includeInIndex = 0; path = "Sesion04-02.app"; sourceTree = BUILT_PRODUCTS_DIR; };
		FB1380DD2467571500CD4608 /* AppDelegate.swift */ = {isa = PBXFileReference; lastKnownFileType = sourcecode.swift; path = AppDelegate.swift; sourceTree = "<group>"; };
		FB1380DF2467571500CD4608 /* SceneDelegate.swift */ = {isa = PBXFileReference; lastKnownFileType = sourcecode.swift; path = SceneDelegate.swift; sourceTree = "<group>"; };
		FB1380E12467571500CD4608 /* ViewController.swift */ = {isa = PBXFileReference; lastKnownFileType = sourcecode.swift; path = ViewController.swift; sourceTree = "<group>"; };
		FB1380E42467571500CD4608 /* Base */ = {isa = PBXFileReference; lastKnownFileType = file.storyboard; name = Base; path = Base.lproj/Main.storyboard; sourceTree = "<group>"; };
		FB1380E72467571500CD4608 /* Sesion04_02.xcdatamodel */ = {isa = PBXFileReference; lastKnownFileType = wrapper.xcdatamodel; path = Sesion04_02.xcdatamodel; sourceTree = "<group>"; };
		FB1380E92467571500CD4608 /* Assets.xcassets */ = {isa = PBXFileReference; lastKnownFileType = folder.assetcatalog; path = Assets.xcassets; sourceTree = "<group>"; };
		FB1380EC2467571500CD4608 /* Base */ = {isa = PBXFileReference; lastKnownFileType = file.storyboard; name = Base; path = Base.lproj/LaunchScreen.storyboard; sourceTree = "<group>"; };
		FB1380EE2467571500CD4608 /* Info.plist */ = {isa = PBXFileReference; lastKnownFileType = text.plist.xml; path = Info.plist; sourceTree = "<group>"; };
		FB1380F42467572900CD4608 /* Operaciones.swift */ = {isa = PBXFileReference; lastKnownFileType = sourcecode.swift; path = Operaciones.swift; sourceTree = "<group>"; };
		FB1380F6246759D900CD4608 /* Animales.swift */ = {isa = PBXFileReference; lastKnownFileType = sourcecode.swift; path = Animales.swift; sourceTree = "<group>"; };
/* End PBXFileReference section */

/* Begin PBXFrameworksBuildPhase section */
		FB1380D72467571500CD4608 /* Frameworks */ = {
			isa = PBXFrameworksBuildPhase;
			buildActionMask = 2147483647;
			files = (
			);
			runOnlyForDeploymentPostprocessing = 0;
		};
/* End PBXFrameworksBuildPhase section */

/* Begin PBXGroup section */
		FB1380D12467571500CD4608 = {
			isa = PBXGroup;
			children = (
				FB1380DC2467571500CD4608 /* Sesion04-02 */,
				FB1380DB2467571500CD4608 /* Products */,
			);
			sourceTree = "<group>";
		};
		FB1380DB2467571500CD4608 /* Products */ = {
			isa = PBXGroup;
			children = (
				FB1380DA2467571500CD4608 /* Sesion04-02.app */,
			);
			name = Products;
			sourceTree = "<group>";
		};
		FB1380DC2467571500CD4608 /* Sesion04-02 */ = {
			isa = PBXGroup;
			children = (
				FB1380DD2467571500CD4608 /* AppDelegate.swift */,
				FB1380DF2467571500CD4608 /* SceneDelegate.swift */,
				FB1380E12467571500CD4608 /* ViewController.swift */,
				FB1380E32467571500CD4608 /* Main.storyboard */,
				FB1380E92467571500CD4608 /* Assets.xcassets */,
				FB1380EB2467571500CD4608 /* LaunchScreen.storyboard */,
				FB1380EE2467571500CD4608 /* Info.plist */,
				FB1380E62467571500CD4608 /* Sesion04_02.xcdatamodeld */,
				FB1380F42467572900CD4608 /* Operaciones.swift */,
				FB1380F6246759D900CD4608 /* Animales.swift */,
			);
			path = "Sesion04-02";
			sourceTree = "<group>";
		};
/* End PBXGroup section */

/* Begin PBXNativeTarget section */
		FB1380D92467571500CD4608 /* Sesion04-02 */ = {
			isa = PBXNativeTarget;
			buildConfigurationList = FB1380F12467571500CD4608 /* Build configuration list for PBXNativeTarget "Sesion04-02" */;
			buildPhases = (
				FB1380D62467571500CD4608 /* Sources */,
				FB1380D72467571500CD4608 /* Frameworks */,
				FB1380D82467571500CD4608 /* Resources */,
			);
			buildRules = (
			);
			dependencies = (
			);
			name = "Sesion04-02";
			productName = "Sesion04-02";
			productReference = FB1380DA2467571500CD4608 /* Sesion04-02.app */;
			productType = "com.apple.product-type.application";
		};
/* End PBXNativeTarget section */

/* Begin PBXProject section */
		FB1380D22467571500CD4608 /* Project object */ = {
			isa = PBXProject;
			attributes = {
				LastSwiftUpdateCheck = 1130;
				LastUpgradeCheck = 1130;
				ORGANIZATIONNAME = "Kenyi Rodriguez";
				TargetAttributes = {
					FB1380D92467571500CD4608 = {
						CreatedOnToolsVersion = 11.3.1;
					};
				};
			};
			buildConfigurationList = FB1380D52467571500CD4608 /* Build configuration list for PBXProject "Sesion04-02" */;
			compatibilityVersion = "Xcode 9.3";
			developmentRegion = en;
			hasScannedForEncodings = 0;
			knownRegions = (
				en,
				Base,
			);
			mainGroup = FB1380D12467571500CD4608;
			productRefGroup = FB1380DB2467571500CD4608 /* Products */;
			projectDirPath = "";
			projectRoot = "";
			targets = (
				FB1380D92467571500CD4608 /* Sesion04-02 */,
			);
		};
/* End PBXProject section */

/* Begin PBXResourcesBuildPhase section */
		FB1380D82467571500CD4608 /* Resources */ = {
			isa = PBXResourcesBuildPhase;
			buildActionMask = 2147483647;
			files = (
				FB1380ED2467571500CD4608 /* LaunchScreen.storyboard in Resources */,
				FB1380EA2467571500CD4608 /* Assets.xcassets in Resources */,
				FB1380E52467571500CD4608 /* Main.storyboard in Resources */,
			);
			runOnlyForDeploymentPostprocessing = 0;
		};
/* End PBXResourcesBuildPhase section */

/* Begin PBXSourcesBuildPhase section */
		FB1380D62467571500CD4608 /* Sources */ = {
			isa = PBXSourcesBuildPhase;
			buildActionMask = 2147483647;
			files = (
				FB1380F52467572900CD4608 /* Operaciones.swift in Sources */,
				FB1380E22467571500CD4608 /* ViewController.swift in Sources */,
				FB1380DE2467571500CD4608 /* AppDelegate.swift in Sources */,
				FB1380E82467571500CD4608 /* Sesion04_02.xcdatamodeld in Sources */,
				FB1380E02467571500CD4608 /* SceneDelegate.swift in Sources */,
				FB1380F7246759D900CD4608 /* Animales.swift in Sources */,
			);
			runOnlyForDeploymentPostprocessing = 0;
		};
/* End PBXSourcesBuildPhase section */

/* Begin PBXVariantGroup section */
		FB1380E32467571500CD4608 /* Main.storyboard */ = {
			isa = PBXVariantGroup;
			children = (
				FB1380E42467571500CD4608 /* Base */,
			);
			name = Main.storyboard;
			sourceTree = "<group>";
		};
		FB1380EB2467571500CD4608 /* LaunchScreen.storyboard */ = {
			isa = PBXVariantGroup;
			children = (
				FB1380EC2467571500CD4608 /* Base */,
			);
			name = LaunchScreen.storyboard;
			sourceTree = "<group>";
		};
/* End PBXVariantGroup section */

/* Begin XCBuildConfiguration section */
		FB1380EF2467571500CD4608 /* Debug */ = {
			isa = XCBuildConfiguration;
			buildSettings = {
				ALWAYS_SEARCH_USER_PATHS = NO;
				CLANG_ANALYZER_NONNULL = YES;
				CLANG_ANALYZER_NUMBER_OBJECT_CONVERSION = YES_AGGRESSIVE;
				CLANG_CXX_LANGUAGE_STANDARD = "gnu++14";
				CLANG_CXX_LIBRARY = "libc++";
				CLANG_ENABLE_MODULES = YES;
				CLANG_ENABLE_OBJC_ARC = YES;
				CLANG_ENABLE_OBJC_WEAK = YES;
				CLANG_WARN_BLOCK_CAPTURE_AUTORELEASING = YES;
				CLANG_WARN_BOOL_CONVERSION = YES;
				CLANG_WARN_COMMA = YES;
				CLANG_WARN_CONSTANT_CONVERSION = YES;
				CLANG_WARN_DEPRECATED_OBJC_IMPLEMENTATIONS = YES;
				CLANG_WARN_DIRECT_OBJC_ISA_USAGE = YES_ERROR;
				CLANG_WARN_DOCUMENTATION_COMMENTS = YES;
				CLANG_WARN_EMPTY_BODY = YES;
				CLANG_WARN_ENUM_CONVERSION = YES;
				CLANG_WARN_INFINITE_RECURSION = YES;
				CLANG_WARN_INT_CONVERSION = YES;
				CLANG_WARN_NON_LITERAL_NULL_CONVERSION = YES;
				CLANG_WARN_OBJC_IMPLICIT_RETAIN_SELF = YES;
				CLANG_WARN_OBJC_LITERAL_CONVERSION = YES;
				CLANG_WARN_OBJC_ROOT_CLASS = YES_ERROR;
				CLANG_WARN_RANGE_LOOP_ANALYSIS = YES;
				CLANG_WARN_STRICT_PROTOTYPES = YES;
				CLANG_WARN_SUSPICIOUS_MOVE = YES;
				CLANG_WARN_UNGUARDED_AVAILABILITY = YES_AGGRESSIVE;
				CLANG_WARN_UNREACHABLE_CODE = YES;
				CLANG_WARN__DUPLICATE_METHOD_MATCH = YES;
				COPY_PHASE_STRIP = NO;
				DEBUG_INFORMATION_FORMAT = dwarf;
				ENABLE_STRICT_OBJC_MSGSEND = YES;
				ENABLE_TESTABILITY = YES;
				GCC_C_LANGUAGE_STANDARD = gnu11;
				GCC_DYNAMIC_NO_PIC = NO;
				GCC_NO_COMMON_BLOCKS = YES;
				GCC_OPTIMIZATION_LEVEL = 0;
				GCC_PREPROCESSOR_DEFINITIONS = (
					"DEBUG=1",
					"$(inherited)",
				);
				GCC_WARN_64_TO_32_BIT_CONVERSION = YES;
				GCC_WARN_ABOUT_RETURN_TYPE = YES_ERROR;
				GCC_WARN_UNDECLARED_SELECTOR = YES;
				GCC_WARN_UNINITIALIZED_AUTOS = YES_AGGRESSIVE;
				GCC_WARN_UNUSED_FUNCTION = YES;
				GCC_WARN_UNUSED_VARIABLE = YES;
				IPHONEOS_DEPLOYMENT_TARGET = 13.2;
				MTL_ENABLE_DEBUG_INFO = INCLUDE_SOURCE;
				MTL_FAST_MATH = YES;
				ONLY_ACTIVE_ARCH = YES;
				SDKROOT = iphoneos;
				SWIFT_ACTIVE_COMPILATION_CONDITIONS = DEBUG;
				SWIFT_OPTIMIZATION_LEVEL = "-Onone";
			};
			name = Debug;
		};
		FB1380F02467571500CD4608 /* Release */ = {
			isa = XCBuildConfiguration;
			buildSettings = {
				ALWAYS_SEARCH_USER_PATHS = NO;
				CLANG_ANALYZER_NONNULL = YES;
				CLANG_ANALYZER_NUMBER_OBJECT_CONVERSION = YES_AGGRESSIVE;
				CLANG_CXX_LANGUAGE_STANDARD = "gnu++14";
				CLANG_CXX_LIBRARY = "libc++";
				CLANG_ENABLE_MODULES = YES;
				CLANG_ENABLE_OBJC_ARC = YES;
				CLANG_ENABLE_OBJC_WEAK = YES;
				CLANG_WARN_BLOCK_CAPTURE_AUTORELEASING = YES;
				CLANG_WARN_BOOL_CONVERSION = YES;
				CLANG_WARN_COMMA = YES;
				CLANG_WARN_CONSTANT_CONVERSION = YES;
				CLANG_WARN_DEPRECATED_OBJC_IMPLEMENTATIONS = YES;
				CLANG_WARN_DIRECT_OBJC_ISA_USAGE = YES_ERROR;
				CLANG_WARN_DOCUMENTATION_COMMENTS = YES;
				CLANG_WARN_EMPTY_BODY = YES;
				CLANG_WARN_ENUM_CONVERSION = YES;
				CLANG_WARN_INFINITE_RECURSION = YES;
				CLANG_WARN_INT_CONVERSION = YES;
				CLANG_WARN_NON_LITERAL_NULL_CONVERSION = YES;
				CLANG_WARN_OBJC_IMPLICIT_RETAIN_SELF = YES;
				CLANG_WARN_OBJC_LITERAL_CONVERSION = YES;
				CLANG_WARN_OBJC_ROOT_CLASS = YES_ERROR;
				CLANG_WARN_RANGE_LOOP_ANALYSIS = YES;
				CLANG_WARN_STRICT_PROTOTYPES = YES;
				CLANG_WARN_SUSPICIOUS_MOVE = YES;
				CLANG_WARN_UNGUARDED_AVAILABILITY = YES_AGGRESSIVE;
				CLANG_WARN_UNREACHABLE_CODE = YES;
				CLANG_WARN__DUPLICATE_METHOD_MATCH = YES;
				COPY_PHASE_STRIP = NO;
				DEBUG_INFORMATION_FORMAT = "dwarf-with-dsym";
				ENABLE_NS_ASSERTIONS = NO;
				ENABLE_STRICT_OBJC_MSGSEND = YES;
				GCC_C_LANGUAGE_STANDARD = gnu11;
				GCC_NO_COMMON_BLOCKS = YES;
				GCC_WARN_64_TO_32_BIT_CONVERSION = YES;
				GCC_WARN_ABOUT_RETURN_TYPE = YES_ERROR;
				GCC_WARN_UNDECLARED_SELECTOR = YES;
				GCC_WARN_UNINITIALIZED_AUTOS = YES_AGGRESSIVE;
				GCC_WARN_UNUSED_FUNCTION = YES;
				GCC_WARN_UNUSED_VARIABLE = YES;
				IPHONEOS_DEPLOYMENT_TARGET = 13.2;
				MTL_ENABLE_DEBUG_INFO = NO;
				MTL_FAST_MATH = YES;
				SDKROOT = iphoneos;
				SWIFT_COMPILATION_MODE = wholemodule;
				SWIFT_OPTIMIZATION_LEVEL = "-O";
				VALIDATE_PRODUCT = YES;
			};
			name = Release;
		};
		FB1380F22467571500CD4608 /* Debug */ = {
			isa = XCBuildConfiguration;
			buildSettings = {
				ASSETCATALOG_COMPILER_APPICON_NAME = AppIcon;
				CODE_SIGN_STYLE = Automatic;
				INFOPLIST_FILE = "Sesion04-02/Info.plist";
				LD_RUNPATH_SEARCH_PATHS = (
					"$(inherited)",
					"@executable_path/Frameworks",
				);
				PRODUCT_BUNDLE_IDENTIFIER = "com.solera.Sesion04-02";
				PRODUCT_NAME = "$(TARGET_NAME)";
				SWIFT_VERSION = 5.0;
				TARGETED_DEVICE_FAMILY = "1,2";
			};
			name = Debug;
		};
		FB1380F32467571500CD4608 /* Release */ = {
			isa = XCBuildConfiguration;
			buildSettings = {
				ASSETCATALOG_COMPILER_APPICON_NAME = AppIcon;
				CODE_SIGN_STYLE = Automatic;
				INFOPLIST_FILE = "Sesion04-02/Info.plist";
				LD_RUNPATH_SEARCH_PATHS = (
					"$(inherited)",
					"@executable_path/Frameworks",
				);
				PRODUCT_BUNDLE_IDENTIFIER = "com.solera.Sesion04-02";
				PRODUCT_NAME = "$(TARGET_NAME)";
				SWIFT_VERSION = 5.0;
				TARGETED_DEVICE_FAMILY = "1,2";
			};
			name = Release;
		};
/* End XCBuildConfiguration section */

/* Begin XCConfigurationList section */
		FB1380D52467571500CD4608 /* Build configuration list for PBXProject "Sesion04-02" */ = {
			isa = XCConfigurationList;
			buildConfigurations = (
				FB1380EF2467571500CD4608 /* Debug */,
				FB1380F02467571500CD4608 /* Release */,
			);
			defaultConfigurationIsVisible = 0;
			defaultConfigurationName = Release;
		};
		FB1380F12467571500CD4608 /* Build configuration list for PBXNativeTarget "Sesion04-02" */ = {
			isa = XCConfigurationList;
			buildConfigurations = (
				FB1380F22467571500CD4608 /* Debug */,
				FB1380F32467571500CD4608 /* Release */,
			);
			defaultConfigurationIsVisible = 0;
			defaultConfigurationName = Release;
		};
/* End XCConfigurationList section */

/* Begin XCVersionGroup section */
		FB1380E62467571500CD4608 /* Sesion04_02.xcdatamodeld */ = {
			isa = XCVersionGroup;
			children = (
				FB1380E72467571500CD4608 /* Sesion04_02.xcdatamodel */,
			);
			currentVersion = FB1380E72467571500CD4608 /* Sesion04_02.xcdatamodel */;
			path = Sesion04_02.xcdatamodeld;
			sourceTree = "<group>";
			versionGroupType = wrapper.xcdatamodel;
		};
/* End XCVersionGroup section */
	};
	rootObject = FB1380D22467571500CD4608 /* Project object */;
}
