// !$*UTF8*$!
{
	archiveVersion = 1;
	classes = {
	};
	objectVersion = 50;
	objects = {

/* Begin PBXBuildFile section */
		FB6F35EC2470730300E95D4D /* AppDelegate.swift in Sources */ = {isa = PBXBuildFile; fileRef = FB6F35EB2470730300E95D4D /* AppDelegate.swift */; };
		FB6F35EE2470730300E95D4D /* SceneDelegate.swift in Sources */ = {isa = PBXBuildFile; fileRef = FB6F35ED2470730300E95D4D /* SceneDelegate.swift */; };
		FB6F35F02470730300E95D4D /* ViewController.swift in Sources */ = {isa = PBXBuildFile; fileRef = FB6F35EF2470730300E95D4D /* ViewController.swift */; };
		FB6F35F32470730300E95D4D /* Main.storyboard in Resources */ = {isa = PBXBuildFile; fileRef = FB6F35F12470730300E95D4D /* Main.storyboard */; };
		FB6F35F62470730300E95D4D /* Sesion05_01.xcdatamodeld in Sources */ = {isa = PBXBuildFile; fileRef = FB6F35F42470730300E95D4D /* Sesion05_01.xcdatamodeld */; };
		FB6F35F82470730400E95D4D /* Assets.xcassets in Resources */ = {isa = PBXBuildFile; fileRef = FB6F35F72470730400E95D4D /* Assets.xcassets */; };
		FB6F35FB2470730500E95D4D /* LaunchScreen.storyboard in Resources */ = {isa = PBXBuildFile; fileRef = FB6F35F92470730500E95D4D /* LaunchScreen.storyboard */; };
		FB6F3603247074F400E95D4D /* BoxView.swift in Sources */ = {isa = PBXBuildFile; fileRef = FB6F3602247074F400E95D4D /* BoxView.swift */; };
		FB6F360524707FF000E95D4D /* SegundoViewController.swift in Sources */ = {isa = PBXBuildFile; fileRef = FB6F360424707FF000E95D4D /* SegundoViewController.swift */; };
/* End PBXBuildFile section */

/* Begin PBXFileReference section */
		FB6F35E82470730300E95D4D /* Sesion05-01.app */ = {isa = PBXFileReference; explicitFileType = wrapper.application; includeInIndex = 0; path = "Sesion05-01.app"; sourceTree = BUILT_PRODUCTS_DIR; };
		FB6F35EB2470730300E95D4D /* AppDelegate.swift */ = {isa = PBXFileReference; lastKnownFileType = sourcecode.swift; path = AppDelegate.swift; sourceTree = "<group>"; };
		FB6F35ED2470730300E95D4D /* SceneDelegate.swift */ = {isa = PBXFileReference; lastKnownFileType = sourcecode.swift; path = SceneDelegate.swift; sourceTree = "<group>"; };
		FB6F35EF2470730300E95D4D /* ViewController.swift */ = {isa = PBXFileReference; lastKnownFileType = sourcecode.swift; path = ViewController.swift; sourceTree = "<group>"; };
		FB6F35F22470730300E95D4D /* Base */ = {isa = PBXFileReference; lastKnownFileType = file.storyboard; name = Base; path = Base.lproj/Main.storyboard; sourceTree = "<group>"; };
		FB6F35F52470730300E95D4D /* Sesion05_01.xcdatamodel */ = {isa = PBXFileReference; lastKnownFileType = wrapper.xcdatamodel; path = Sesion05_01.xcdatamodel; sourceTree = "<group>"; };
		FB6F35F72470730400E95D4D /* Assets.xcassets */ = {isa = PBXFileReference; lastKnownFileType = folder.assetcatalog; path = Assets.xcassets; sourceTree = "<group>"; };
		FB6F35FA2470730500E95D4D /* Base */ = {isa = PBXFileReference; lastKnownFileType = file.storyboard; name = Base; path = Base.lproj/LaunchScreen.storyboard; sourceTree = "<group>"; };
		FB6F35FC2470730500E95D4D /* Info.plist */ = {isa = PBXFileReference; lastKnownFileType = text.plist.xml; path = Info.plist; sourceTree = "<group>"; };
		FB6F3602247074F400E95D4D /* BoxView.swift */ = {isa = PBXFileReference; lastKnownFileType = sourcecode.swift; path = BoxView.swift; sourceTree = "<group>"; };
		FB6F360424707FF000E95D4D /* SegundoViewController.swift */ = {isa = PBXFileReference; lastKnownFileType = sourcecode.swift; path = SegundoViewController.swift; sourceTree = "<group>"; };
/* End PBXFileReference section */

/* Begin PBXFrameworksBuildPhase section */
		FB6F35E52470730300E95D4D /* Frameworks */ = {
			isa = PBXFrameworksBuildPhase;
			buildActionMask = 2147483647;
			files = (
			);
			runOnlyForDeploymentPostprocessing = 0;
		};
/* End PBXFrameworksBuildPhase section */

/* Begin PBXGroup section */
		FB6F35DF2470730300E95D4D = {
			isa = PBXGroup;
			children = (
				FB6F35EA2470730300E95D4D /* Sesion05-01 */,
				FB6F35E92470730300E95D4D /* Products */,
			);
			sourceTree = "<group>";
		};
		FB6F35E92470730300E95D4D /* Products */ = {
			isa = PBXGroup;
			children = (
				FB6F35E82470730300E95D4D /* Sesion05-01.app */,
			);
			name = Products;
			sourceTree = "<group>";
		};
		FB6F35EA2470730300E95D4D /* Sesion05-01 */ = {
			isa = PBXGroup;
			children = (
				FB6F35EB2470730300E95D4D /* AppDelegate.swift */,
				FB6F35ED2470730300E95D4D /* SceneDelegate.swift */,
				FB6F35EF2470730300E95D4D /* ViewController.swift */,
				FB6F35F12470730300E95D4D /* Main.storyboard */,
				FB6F35F72470730400E95D4D /* Assets.xcassets */,
				FB6F35F92470730500E95D4D /* LaunchScreen.storyboard */,
				FB6F35FC2470730500E95D4D /* Info.plist */,
				FB6F35F42470730300E95D4D /* Sesion05_01.xcdatamodeld */,
				FB6F3602247074F400E95D4D /* BoxView.swift */,
				FB6F360424707FF000E95D4D /* SegundoViewController.swift */,
			);
			path = "Sesion05-01";
			sourceTree = "<group>";
		};
/* End PBXGroup section */

/* Begin PBXNativeTarget section */
		FB6F35E72470730300E95D4D /* Sesion05-01 */ = {
			isa = PBXNativeTarget;
			buildConfigurationList = FB6F35FF2470730500E95D4D /* Build configuration list for PBXNativeTarget "Sesion05-01" */;
			buildPhases = (
				FB6F35E42470730300E95D4D /* Sources */,
				FB6F35E52470730300E95D4D /* Frameworks */,
				FB6F35E62470730300E95D4D /* Resources */,
			);
			buildRules = (
			);
			dependencies = (
			);
			name = "Sesion05-01";
			productName = "Sesion05-01";
			productReference = FB6F35E82470730300E95D4D /* Sesion05-01.app */;
			productType = "com.apple.product-type.application";
		};
/* End PBXNativeTarget section */

/* Begin PBXProject section */
		FB6F35E02470730300E95D4D /* Project object */ = {
			isa = PBXProject;
			attributes = {
				LastSwiftUpdateCheck = 1130;
				LastUpgradeCheck = 1130;
				ORGANIZATIONNAME = "Kenyi Rodriguez";
				TargetAttributes = {
					FB6F35E72470730300E95D4D = {
						CreatedOnToolsVersion = 11.3.1;
					};
				};
			};
			buildConfigurationList = FB6F35E32470730300E95D4D /* Build configuration list for PBXProject "Sesion05-01" */;
			compatibilityVersion = "Xcode 9.3";
			developmentRegion = en;
			hasScannedForEncodings = 0;
			knownRegions = (
				en,
				Base,
			);
			mainGroup = FB6F35DF2470730300E95D4D;
			productRefGroup = FB6F35E92470730300E95D4D /* Products */;
			projectDirPath = "";
			projectRoot = "";
			targets = (
				FB6F35E72470730300E95D4D /* Sesion05-01 */,
			);
		};
/* End PBXProject section */

/* Begin PBXResourcesBuildPhase section */
		FB6F35E62470730300E95D4D /* Resources */ = {
			isa = PBXResourcesBuildPhase;
			buildActionMask = 2147483647;
			files = (
				FB6F35FB2470730500E95D4D /* LaunchScreen.storyboard in Resources */,
				FB6F35F82470730400E95D4D /* Assets.xcassets in Resources */,
				FB6F35F32470730300E95D4D /* Main.storyboard in Resources */,
			);
			runOnlyForDeploymentPostprocessing = 0;
		};
/* End PBXResourcesBuildPhase section */

/* Begin PBXSourcesBuildPhase section */
		FB6F35E42470730300E95D4D /* Sources */ = {
			isa = PBXSourcesBuildPhase;
			buildActionMask = 2147483647;
			files = (
				FB6F35F02470730300E95D4D /* ViewController.swift in Sources */,
				FB6F35EC2470730300E95D4D /* AppDelegate.swift in Sources */,
				FB6F360524707FF000E95D4D /* SegundoViewController.swift in Sources */,
				FB6F3603247074F400E95D4D /* BoxView.swift in Sources */,
				FB6F35F62470730300E95D4D /* Sesion05_01.xcdatamodeld in Sources */,
				FB6F35EE2470730300E95D4D /* SceneDelegate.swift in Sources */,
			);
			runOnlyForDeploymentPostprocessing = 0;
		};
/* End PBXSourcesBuildPhase section */

/* Begin PBXVariantGroup section */
		FB6F35F12470730300E95D4D /* Main.storyboard */ = {
			isa = PBXVariantGroup;
			children = (
				FB6F35F22470730300E95D4D /* Base */,
			);
			name = Main.storyboard;
			sourceTree = "<group>";
		};
		FB6F35F92470730500E95D4D /* LaunchScreen.storyboard */ = {
			isa = PBXVariantGroup;
			children = (
				FB6F35FA2470730500E95D4D /* Base */,
			);
			name = LaunchScreen.storyboard;
			sourceTree = "<group>";
		};
/* End PBXVariantGroup section */

/* Begin XCBuildConfiguration section */
		FB6F35FD2470730500E95D4D /* Debug */ = {
			isa = XCBuildConfiguration;
			buildSettings = {
				ALWAYS_SEARCH_USER_PATHS = NO;
				CLANG_ANALYZER_NONNULL = YES;
				CLANG_ANALYZER_NUMBER_OBJECT_CONVERSION = YES_AGGRESSIVE;
				CLANG_CXX_LANGUAGE_STANDARD = "gnu++14";
				CLANG_CXX_LIBRARY = "libc++";
				CLANG_ENABLE_MODULES = YES;
				CLANG_ENABLE_OBJC_ARC = YES;
				CLANG_ENABLE_OBJC_WEAK = YES;
				CLANG_WARN_BLOCK_CAPTURE_AUTORELEASING = YES;
				CLANG_WARN_BOOL_CONVERSION = YES;
				CLANG_WARN_COMMA = YES;
				CLANG_WARN_CONSTANT_CONVERSION = YES;
				CLANG_WARN_DEPRECATED_OBJC_IMPLEMENTATIONS = YES;
				CLANG_WARN_DIRECT_OBJC_ISA_USAGE = YES_ERROR;
				CLANG_WARN_DOCUMENTATION_COMMENTS = YES;
				CLANG_WARN_EMPTY_BODY = YES;
				CLANG_WARN_ENUM_CONVERSION = YES;
				CLANG_WARN_INFINITE_RECURSION = YES;
				CLANG_WARN_INT_CONVERSION = YES;
				CLANG_WARN_NON_LITERAL_NULL_CONVERSION = YES;
				CLANG_WARN_OBJC_IMPLICIT_RETAIN_SELF = YES;
				CLANG_WARN_OBJC_LITERAL_CONVERSION = YES;
				CLANG_WARN_OBJC_ROOT_CLASS = YES_ERROR;
				CLANG_WARN_RANGE_LOOP_ANALYSIS = YES;
				CLANG_WARN_STRICT_PROTOTYPES = YES;
				CLANG_WARN_SUSPICIOUS_MOVE = YES;
				CLANG_WARN_UNGUARDED_AVAILABILITY = YES_AGGRESSIVE;
				CLANG_WARN_UNREACHABLE_CODE = YES;
				CLANG_WARN__DUPLICATE_METHOD_MATCH = YES;
				COPY_PHASE_STRIP = NO;
				DEBUG_INFORMATION_FORMAT = dwarf;
				ENABLE_STRICT_OBJC_MSGSEND = YES;
				ENABLE_TESTABILITY = YES;
				GCC_C_LANGUAGE_STANDARD = gnu11;
				GCC_DYNAMIC_NO_PIC = NO;
				GCC_NO_COMMON_BLOCKS = YES;
				GCC_OPTIMIZATION_LEVEL = 0;
				GCC_PREPROCESSOR_DEFINITIONS = (
					"DEBUG=1",
					"$(inherited)",
				);
				GCC_WARN_64_TO_32_BIT_CONVERSION = YES;
				GCC_WARN_ABOUT_RETURN_TYPE = YES_ERROR;
				GCC_WARN_UNDECLARED_SELECTOR = YES;
				GCC_WARN_UNINITIALIZED_AUTOS = YES_AGGRESSIVE;
				GCC_WARN_UNUSED_FUNCTION = YES;
				GCC_WARN_UNUSED_VARIABLE = YES;
				IPHONEOS_DEPLOYMENT_TARGET = 13.2;
				MTL_ENABLE_DEBUG_INFO = INCLUDE_SOURCE;
				MTL_FAST_MATH = YES;
				ONLY_ACTIVE_ARCH = YES;
				SDKROOT = iphoneos;
				SWIFT_ACTIVE_COMPILATION_CONDITIONS = DEBUG;
				SWIFT_OPTIMIZATION_LEVEL = "-Onone";
			};
			name = Debug;
		};
		FB6F35FE2470730500E95D4D /* Release */ = {
			isa = XCBuildConfiguration;
			buildSettings = {
				ALWAYS_SEARCH_USER_PATHS = NO;
				CLANG_ANALYZER_NONNULL = YES;
				CLANG_ANALYZER_NUMBER_OBJECT_CONVERSION = YES_AGGRESSIVE;
				CLANG_CXX_LANGUAGE_STANDARD = "gnu++14";
				CLANG_CXX_LIBRARY = "libc++";
				CLANG_ENABLE_MODULES = YES;
				CLANG_ENABLE_OBJC_ARC = YES;
				CLANG_ENABLE_OBJC_WEAK = YES;
				CLANG_WARN_BLOCK_CAPTURE_AUTORELEASING = YES;
				CLANG_WARN_BOOL_CONVERSION = YES;
				CLANG_WARN_COMMA = YES;
				CLANG_WARN_CONSTANT_CONVERSION = YES;
				CLANG_WARN_DEPRECATED_OBJC_IMPLEMENTATIONS = YES;
				CLANG_WARN_DIRECT_OBJC_ISA_USAGE = YES_ERROR;
				CLANG_WARN_DOCUMENTATION_COMMENTS = YES;
				CLANG_WARN_EMPTY_BODY = YES;
				CLANG_WARN_ENUM_CONVERSION = YES;
				CLANG_WARN_INFINITE_RECURSION = YES;
				CLANG_WARN_INT_CONVERSION = YES;
				CLANG_WARN_NON_LITERAL_NULL_CONVERSION = YES;
				CLANG_WARN_OBJC_IMPLICIT_RETAIN_SELF = YES;
				CLANG_WARN_OBJC_LITERAL_CONVERSION = YES;
				CLANG_WARN_OBJC_ROOT_CLASS = YES_ERROR;
				CLANG_WARN_RANGE_LOOP_ANALYSIS = YES;
				CLANG_WARN_STRICT_PROTOTYPES = YES;
				CLANG_WARN_SUSPICIOUS_MOVE = YES;
				CLANG_WARN_UNGUARDED_AVAILABILITY = YES_AGGRESSIVE;
				CLANG_WARN_UNREACHABLE_CODE = YES;
				CLANG_WARN__DUPLICATE_METHOD_MATCH = YES;
				COPY_PHASE_STRIP = NO;
				DEBUG_INFORMATION_FORMAT = "dwarf-with-dsym";
				ENABLE_NS_ASSERTIONS = NO;
				ENABLE_STRICT_OBJC_MSGSEND = YES;
				GCC_C_LANGUAGE_STANDARD = gnu11;
				GCC_NO_COMMON_BLOCKS = YES;
				GCC_WARN_64_TO_32_BIT_CONVERSION = YES;
				GCC_WARN_ABOUT_RETURN_TYPE = YES_ERROR;
				GCC_WARN_UNDECLARED_SELECTOR = YES;
				GCC_WARN_UNINITIALIZED_AUTOS = YES_AGGRESSIVE;
				GCC_WARN_UNUSED_FUNCTION = YES;
				GCC_WARN_UNUSED_VARIABLE = YES;
				IPHONEOS_DEPLOYMENT_TARGET = 13.2;
				MTL_ENABLE_DEBUG_INFO = NO;
				MTL_FAST_MATH = YES;
				SDKROOT = iphoneos;
				SWIFT_COMPILATION_MODE = wholemodule;
				SWIFT_OPTIMIZATION_LEVEL = "-O";
				VALIDATE_PRODUCT = YES;
			};
			name = Release;
		};
		FB6F36002470730500E95D4D /* Debug */ = {
			isa = XCBuildConfiguration;
			buildSettings = {
				ASSETCATALOG_COMPILER_APPICON_NAME = AppIcon;
				CODE_SIGN_STYLE = Automatic;
				INFOPLIST_FILE = "Sesion05-01/Info.plist";
				LD_RUNPATH_SEARCH_PATHS = (
					"$(inherited)",
					"@executable_path/Frameworks",
				);
				PRODUCT_BUNDLE_IDENTIFIER = "com.solera.Sesion05-01";
				PRODUCT_NAME = "$(TARGET_NAME)";
				SWIFT_VERSION = 5.0;
				TARGETED_DEVICE_FAMILY = "1,2";
			};
			name = Debug;
		};
		FB6F36012470730500E95D4D /* Release */ = {
			isa = XCBuildConfiguration;
			buildSettings = {
				ASSETCATALOG_COMPILER_APPICON_NAME = AppIcon;
				CODE_SIGN_STYLE = Automatic;
				INFOPLIST_FILE = "Sesion05-01/Info.plist";
				LD_RUNPATH_SEARCH_PATHS = (
					"$(inherited)",
					"@executable_path/Frameworks",
				);
				PRODUCT_BUNDLE_IDENTIFIER = "com.solera.Sesion05-01";
				PRODUCT_NAME = "$(TARGET_NAME)";
				SWIFT_VERSION = 5.0;
				TARGETED_DEVICE_FAMILY = "1,2";
			};
			name = Release;
		};
/* End XCBuildConfiguration section */

/* Begin XCConfigurationList section */
		FB6F35E32470730300E95D4D /* Build configuration list for PBXProject "Sesion05-01" */ = {
			isa = XCConfigurationList;
			buildConfigurations = (
				FB6F35FD2470730500E95D4D /* Debug */,
				FB6F35FE2470730500E95D4D /* Release */,
			);
			defaultConfigurationIsVisible = 0;
			defaultConfigurationName = Release;
		};
		FB6F35FF2470730500E95D4D /* Build configuration list for PBXNativeTarget "Sesion05-01" */ = {
			isa = XCConfigurationList;
			buildConfigurations = (
				FB6F36002470730500E95D4D /* Debug */,
				FB6F36012470730500E95D4D /* Release */,
			);
			defaultConfigurationIsVisible = 0;
			defaultConfigurationName = Release;
		};
/* End XCConfigurationList section */

/* Begin XCVersionGroup section */
		FB6F35F42470730300E95D4D /* Sesion05_01.xcdatamodeld */ = {
			isa = XCVersionGroup;
			children = (
				FB6F35F52470730300E95D4D /* Sesion05_01.xcdatamodel */,
			);
			currentVersion = FB6F35F52470730300E95D4D /* Sesion05_01.xcdatamodel */;
			path = Sesion05_01.xcdatamodeld;
			sourceTree = "<group>";
			versionGroupType = wrapper.xcdatamodel;
		};
/* End XCVersionGroup section */
	};
	rootObject = FB6F35E02470730300E95D4D /* Project object */;
}
